
Microsoft Visual Studio Solution File, Format Version 12.00
# Visual Studio Version 17
VisualStudioVersion = 17.14.37301.10
MinimumVisualStudioVersion = 10.0.40219.1
Project("{FAE04EC0-301F-11D3-BF4B-00C04F79EFBC}") = "Intro_to_Method", "Intro_to_Method\Intro_to_Method.csproj", "{CC56A3A9-F5C4-42D4-9412-E1040CEEA094}"
EndProject
Project("{FAE04EC0-301F-11D3-BF4B-00C04F79EFBC}") = "Own_variable", "Own_variable\Own_variable.csproj", "{465E79BA-A29C-477B-8962-4F4E613F6AF8}"
EndProject
Project("{FAE04EC0-301F-11D3-BF4B-00C04F79EFBC}") = "Parametrs", "Parametrs\Parametrs.csproj", "{5F81B38B-3B05-4A75-A286-C780D9759418}"
EndProject
Global
	GlobalSection(SolutionConfigurationPlatforms) = preSolution
		Debug|Any CPU = Debug|Any CPU
		Release|Any CPU = Release|Any CPU
	EndGlobalSection
	GlobalSection(ProjectConfigurationPlatforms) = postSolution
		{CC56A3A9-F5C4-42D4-9412-E1040CEEA094}.Debug|Any CPU.ActiveCfg = Debug|Any CPU
		{CC56A3A9-F5C4-42D4-9412-E1040CEEA094}.Debug|Any CPU.Build.0 = Debug|Any CPU
		{CC56A3A9-F5C4-42D4-9412-E1040CEEA094}.Release|Any CPU.ActiveCfg = Release|Any CPU
		{CC56A3A9-F5C4-42D4-9412-E1040CEEA094}.Release|Any CPU.Build.0 = Release|Any CPU
		{465E79BA-A29C-477B-8962-4F4E613F6AF8}.Debug|Any CPU.ActiveCfg = Debug|Any CPU
		{465E79BA-A29C-477B-8962-4F4E613F6AF8}.Debug|Any CPU.Build.0 = Debug|Any CPU
		{465E79BA-A29C-477B-8962-4F4E613F6AF8}.Release|Any CPU.ActiveCfg = Release|Any CPU
		{465E79BA-A29C-477B-8962-4F4E613F6AF8}.Release|Any CPU.Build.0 = Release|Any CPU
		{5F81B38B-3B05-4A75-A286-C780D9759418}.Debug|Any CPU.ActiveCfg = Debug|Any CPU
		{5F81B38B-3B05-4A75-A286-C780D9759418}.Debug|Any CPU.Build.0 = Debug|Any CPU
		{5F81B38B-3B05-4A75-A286-C780D9759418}.Release|Any CPU.ActiveCfg = Release|Any CPU
		{5F81B38B-3B05-4A75-A286-C780D9759418}.Release|Any CPU.Build.0 = Release|Any CPU
	EndGlobalSection
	GlobalSection(SolutionProperties) = preSolution
		HideSolutionNode = FALSE
	EndGlobalSection
	GlobalSection(ExtensibilityGlobals) = postSolution
		SolutionGuid = {673D65DD-65B3-480C-9080-60A18061CAD9}
	EndGlobalSection
EndGlobal
